
Microsoft Visual Studio Solution File, Format Version 12.00
# Visual Studio Version 17
VisualStudioVersion = 17.7.34031.279
MinimumVisualStudioVersion = 10.0.40219.1
Project("{FAE04EC0-301F-11D3-BF4B-00C04F79EFBC}") = "Test Menu", "Test Menu\Test Menu.csproj", "{ADDAB5B5-CC2B-40C1-8B33-3068A8BCBC2D}"
EndProject
Global
	GlobalSection(SolutionConfigurationPlatforms) = preSolution
		Debug|Any CPU = Debug|Any CPU
		Release|Any CPU = Release|Any CPU
	EndGlobalSection
	GlobalSection(ProjectConfigurationPlatforms) = postSolution
		{ADDAB5B5-CC2B-40C1-8B33-3068A8BCBC2D}.Debug|Any CPU.ActiveCfg = Debug|Any CPU
		{ADDAB5B5-CC2B-40C1-8B33-3068A8BCBC2D}.Debug|Any CPU.Build.0 = Debug|Any CPU
		{ADDAB5B5-CC2B-40C1-8B33-3068A8BCBC2D}.Release|Any CPU.ActiveCfg = Release|Any CPU
		{ADDAB5B5-CC2B-40C1-8B33-3068A8BCBC2D}.Release|Any CPU.Build.0 = Release|Any CPU
	EndGlobalSection
	GlobalSection(SolutionProperties) = preSolution
		HideSolutionNode = FALSE
	EndGlobalSection
	GlobalSection(ExtensibilityGlobals) = postSolution
		SolutionGuid = {463F60B5-CA7E-4422-B3E1-822804963ED6}
	EndGlobalSection
EndGlobal
